# This file is autogenerated, do not edit; changes may be undone by the next 'dep ensure'.


[[projects]]
  branch = "master"
  name = "github.com/ebfe/keccak"
  packages = ["."]
  revision = "5cc570678d1bdcb0d75b5121a8742c8c50ecd574"

[[projects]]
  branch = "master"
  name = "github.com/paxos-bankchain/moneroutil"
  packages = ["."]
  revision = "33d7e0c11a62d2ac67213781a0b485d0de4aca70"

[[projects]]
  branch = "master"
  name = "golang.org/x/crypto"
  packages = ["sha3"]
  revision = "ab813273cd59e1333f7ae7bff5d027d4aadf528c"

[solve-meta]
  analyzer-name = "dep"
  analyzer-version = 1
  inputs-digest = "9ff3c25d68d523170d7ceffefecc0ecbd7f7a77359cdc598b5ff141372269544"
  solver-name = "gps-cdcl"
  solver-version = 1
